// !$*UTF8*$!
{
	archiveVersion = 1;
	classes = {
	};
	objectVersion = 56;
	objects = {

/* Begin PBXBuildFile section */
		4DBBE3FC2BCE37CF0043E368 /* ViewAndModifiersApp.swift in Sources */ = {isa = PBXBuildFile; fileRef = 4DBBE3FB2BCE37CF0043E368 /* ViewAndModifiersApp.swift */; };
		4DBBE3FE2BCE37CF0043E368 /* ContentView.swift in Sources */ = {isa = PBXBuildFile; fileRef = 4DBBE3FD2BCE37CF0043E368 /* ContentView.swift */; };
		4DBBE4002BCE37D30043E368 /* Assets.xcassets in Resources */ = {isa = PBXBuildFile; fileRef = 4DBBE3FF2BCE37D30043E368 /* Assets.xcassets */; };
		4DBBE4032BCE37D30043E368 /* Preview Assets.xcassets in Resources */ = {isa = PBXBuildFile; fileRef = 4DBBE4022BCE37D30043E368 /* Preview Assets.xcassets */; };
		4DBBE40A2BCE65540043E368 /* CapsuleTextView.swift in Sources */ = {isa = PBXBuildFile; fileRef = 4DBBE4092BCE65540043E368 /* CapsuleTextView.swift */; };
		4DBBE40C2BCE661B0043E368 /* ViewProperty.swift in Sources */ = {isa = PBXBuildFile; fileRef = 4DBBE40B2BCE661B0043E368 /* ViewProperty.swift */; };
		4DBBE40E2BCE67C40043E368 /* CustomModifier.swift in Sources */ = {isa = PBXBuildFile; fileRef = 4DBBE40D2BCE67C40043E368 /* CustomModifier.swift */; };
		4DBBE4122BCE686B0043E368 /* WaterMarkModifier.swift in Sources */ = {isa = PBXBuildFile; fileRef = 4DBBE4112BCE686B0043E368 /* WaterMarkModifier.swift */; };
		4DBBE4142BCE6BBA0043E368 /* GridStack.swift in Sources */ = {isa = PBXBuildFile; fileRef = 4DBBE4132BCE6BBA0043E368 /* GridStack.swift */; };
		4DBBE4182BCE7ACB0043E368 /* BindingView.swift in Sources */ = {isa = PBXBuildFile; fileRef = 4DBBE4172BCE7ACB0043E368 /* BindingView.swift */; };
/* End PBXBuildFile section */

/* Begin PBXFileReference section */
		4DBBE3F82BCE37CF0043E368 /* ViewAndModifiers.app */ = {isa = PBXFileReference; explicitFileType = wrapper.application; includeInIndex = 0; path = ViewAndModifiers.app; sourceTree = BUILT_PRODUCTS_DIR; };
		4DBBE3FB2BCE37CF0043E368 /* ViewAndModifiersApp.swift */ = {isa = PBXFileReference; lastKnownFileType = sourcecode.swift; path = ViewAndModifiersApp.swift; sourceTree = "<group>"; };
		4DBBE3FD2BCE37CF0043E368 /* ContentView.swift */ = {isa = PBXFileReference; lastKnownFileType = sourcecode.swift; path = ContentView.swift; sourceTree = "<group>"; };
		4DBBE3FF2BCE37D30043E368 /* Assets.xcassets */ = {isa = PBXFileReference; lastKnownFileType = folder.assetcatalog; path = Assets.xcassets; sourceTree = "<group>"; };
		4DBBE4022BCE37D30043E368 /* Preview Assets.xcassets */ = {isa = PBXFileReference; lastKnownFileType = folder.assetcatalog; path = "Preview Assets.xcassets"; sourceTree = "<group>"; };
		4DBBE4092BCE65540043E368 /* CapsuleTextView.swift */ = {isa = PBXFileReference; lastKnownFileType = sourcecode.swift; path = CapsuleTextView.swift; sourceTree = "<group>"; };
		4DBBE40B2BCE661B0043E368 /* ViewProperty.swift */ = {isa = PBXFileReference; lastKnownFileType = sourcecode.swift; path = ViewProperty.swift; sourceTree = "<group>"; };
		4DBBE40D2BCE67C40043E368 /* CustomModifier.swift */ = {isa = PBXFileReference; lastKnownFileType = sourcecode.swift; path = CustomModifier.swift; sourceTree = "<group>"; };
		4DBBE4112BCE686B0043E368 /* WaterMarkModifier.swift */ = {isa = PBXFileReference; lastKnownFileType = sourcecode.swift; path = WaterMarkModifier.swift; sourceTree = "<group>"; };
		4DBBE4132BCE6BBA0043E368 /* GridStack.swift */ = {isa = PBXFileReference; lastKnownFileType = sourcecode.swift; path = GridStack.swift; sourceTree = "<group>"; };
		4DBBE4172BCE7ACB0043E368 /* BindingView.swift */ = {isa = PBXFileReference; lastKnownFileType = sourcecode.swift; path = BindingView.swift; sourceTree = "<group>"; };
/* End PBXFileReference section */

/* Begin PBXFrameworksBuildPhase section */
		4DBBE3F52BCE37CF0043E368 /* Frameworks */ = {
			isa = PBXFrameworksBuildPhase;
			buildActionMask = 2147483647;
			files = (
			);
			runOnlyForDeploymentPostprocessing = 0;
		};
/* End PBXFrameworksBuildPhase section */

/* Begin PBXGroup section */
		4DBBE3EF2BCE37CF0043E368 = {
			isa = PBXGroup;
			children = (
				4DBBE3FA2BCE37CF0043E368 /* ViewAndModifiers */,
				4DBBE3F92BCE37CF0043E368 /* Products */,
			);
			sourceTree = "<group>";
		};
		4DBBE3F92BCE37CF0043E368 /* Products */ = {
			isa = PBXGroup;
			children = (
				4DBBE3F82BCE37CF0043E368 /* ViewAndModifiers.app */,
			);
			name = Products;
			sourceTree = "<group>";
		};
		4DBBE3FA2BCE37CF0043E368 /* ViewAndModifiers */ = {
			isa = PBXGroup;
			children = (
				4DBBE3FB2BCE37CF0043E368 /* ViewAndModifiersApp.swift */,
				4DBBE3FD2BCE37CF0043E368 /* ContentView.swift */,
				4DBBE4092BCE65540043E368 /* CapsuleTextView.swift */,
				4DBBE40B2BCE661B0043E368 /* ViewProperty.swift */,
				4DBBE40D2BCE67C40043E368 /* CustomModifier.swift */,
				4DBBE4112BCE686B0043E368 /* WaterMarkModifier.swift */,
				4DBBE3FF2BCE37D30043E368 /* Assets.xcassets */,
				4DBBE4132BCE6BBA0043E368 /* GridStack.swift */,
				4DBBE4012BCE37D30043E368 /* Preview Content */,
				4DBBE4172BCE7ACB0043E368 /* BindingView.swift */,
			);
			path = ViewAndModifiers;
			sourceTree = "<group>";
		};
		4DBBE4012BCE37D30043E368 /* Preview Content */ = {
			isa = PBXGroup;
			children = (
				4DBBE4022BCE37D30043E368 /* Preview Assets.xcassets */,
			);
			path = "Preview Content";
			sourceTree = "<group>";
		};
/* End PBXGroup section */

/* Begin PBXNativeTarget section */
		4DBBE3F72BCE37CF0043E368 /* ViewAndModifiers */ = {
			isa = PBXNativeTarget;
			buildConfigurationList = 4DBBE4062BCE37D30043E368 /* Build configuration list for PBXNativeTarget "ViewAndModifiers" */;
			buildPhases = (
				4DBBE3F42BCE37CF0043E368 /* Sources */,
				4DBBE3F52BCE37CF0043E368 /* Frameworks */,
				4DBBE3F62BCE37CF0043E368 /* Resources */,
			);
			buildRules = (
			);
			dependencies = (
			);
			name = ViewAndModifiers;
			productName = ViewAndModifiers;
			productReference = 4DBBE3F82BCE37CF0043E368 /* ViewAndModifiers.app */;
			productType = "com.apple.product-type.application";
		};
/* End PBXNativeTarget section */

/* Begin PBXProject section */
		4DBBE3F02BCE37CF0043E368 /* Project object */ = {
			isa = PBXProject;
			attributes = {
				BuildIndependentTargetsInParallel = 1;
				LastSwiftUpdateCheck = 1510;
				LastUpgradeCheck = 1510;
				TargetAttributes = {
					4DBBE3F72BCE37CF0043E368 = {
						CreatedOnToolsVersion = 15.1;
					};
				};
			};
			buildConfigurationList = 4DBBE3F32BCE37CF0043E368 /* Build configuration list for PBXProject "ViewAndModifiers" */;
			compatibilityVersion = "Xcode 14.0";
			developmentRegion = en;
			hasScannedForEncodings = 0;
			knownRegions = (
				en,
				Base,
			);
			mainGroup = 4DBBE3EF2BCE37CF0043E368;
			productRefGroup = 4DBBE3F92BCE37CF0043E368 /* Products */;
			projectDirPath = "";
			projectRoot = "";
			targets = (
				4DBBE3F72BCE37CF0043E368 /* ViewAndModifiers */,
			);
		};
/* End PBXProject section */

/* Begin PBXResourcesBuildPhase section */
		4DBBE3F62BCE37CF0043E368 /* Resources */ = {
			isa = PBXResourcesBuildPhase;
			buildActionMask = 2147483647;
			files = (
				4DBBE4032BCE37D30043E368 /* Preview Assets.xcassets in Resources */,
				4DBBE4002BCE37D30043E368 /* Assets.xcassets in Resources */,
			);
			runOnlyForDeploymentPostprocessing = 0;
		};
/* End PBXResourcesBuildPhase section */

/* Begin PBXSourcesBuildPhase section */
		4DBBE3F42BCE37CF0043E368 /* Sources */ = {
			isa = PBXSourcesBuildPhase;
			buildActionMask = 2147483647;
			files = (
				4DBBE40A2BCE65540043E368 /* CapsuleTextView.swift in Sources */,
				4DBBE4122BCE686B0043E368 /* WaterMarkModifier.swift in Sources */,
				4DBBE40E2BCE67C40043E368 /* CustomModifier.swift in Sources */,
				4DBBE4182BCE7ACB0043E368 /* BindingView.swift in Sources */,
				4DBBE40C2BCE661B0043E368 /* ViewProperty.swift in Sources */,
				4DBBE4142BCE6BBA0043E368 /* GridStack.swift in Sources */,
				4DBBE3FE2BCE37CF0043E368 /* ContentView.swift in Sources */,
				4DBBE3FC2BCE37CF0043E368 /* ViewAndModifiersApp.swift in Sources */,
			);
			runOnlyForDeploymentPostprocessing = 0;
		};
/* End PBXSourcesBuildPhase section */

/* Begin XCBuildConfiguration section */
		4DBBE4042BCE37D30043E368 /* Debug */ = {
			isa = XCBuildConfiguration;
			buildSettings = {
				ALWAYS_SEARCH_USER_PATHS = NO;
				ASSETCATALOG_COMPILER_GENERATE_SWIFT_ASSET_SYMBOL_EXTENSIONS = YES;
				CLANG_ANALYZER_NONNULL = YES;
				CLANG_ANALYZER_NUMBER_OBJECT_CONVERSION = YES_AGGRESSIVE;
				CLANG_CXX_LANGUAGE_STANDARD = "gnu++20";
				CLANG_ENABLE_MODULES = YES;
				CLANG_ENABLE_OBJC_ARC = YES;
				CLANG_ENABLE_OBJC_WEAK = YES;
				CLANG_WARN_BLOCK_CAPTURE_AUTORELEASING = YES;
				CLANG_WARN_BOOL_CONVERSION = YES;
				CLANG_WARN_COMMA = YES;
				CLANG_WARN_CONSTANT_CONVERSION = YES;
				CLANG_WARN_DEPRECATED_OBJC_IMPLEMENTATIONS = YES;
				CLANG_WARN_DIRECT_OBJC_ISA_USAGE = YES_ERROR;
				CLANG_WARN_DOCUMENTATION_COMMENTS = YES;
				CLANG_WARN_EMPTY_BODY = YES;
				CLANG_WARN_ENUM_CONVERSION = YES;
				CLANG_WARN_INFINITE_RECURSION = YES;
				CLANG_WARN_INT_CONVERSION = YES;
				CLANG_WARN_NON_LITERAL_NULL_CONVERSION = YES;
				CLANG_WARN_OBJC_IMPLICIT_RETAIN_SELF = YES;
				CLANG_WARN_OBJC_LITERAL_CONVERSION = YES;
				CLANG_WARN_OBJC_ROOT_CLASS = YES_ERROR;
				CLANG_WARN_QUOTED_INCLUDE_IN_FRAMEWORK_HEADER = YES;
				CLANG_WARN_RANGE_LOOP_ANALYSIS = YES;
				CLANG_WARN_STRICT_PROTOTYPES = YES;
				CLANG_WARN_SUSPICIOUS_MOVE = YES;
				CLANG_WARN_UNGUARDED_AVAILABILITY = YES_AGGRESSIVE;
				CLANG_WARN_UNREACHABLE_CODE = YES;
				CLANG_WARN__DUPLICATE_METHOD_MATCH = YES;
				COPY_PHASE_STRIP = NO;
				DEBUG_INFORMATION_FORMAT = dwarf;
				ENABLE_STRICT_OBJC_MSGSEND = YES;
				ENABLE_TESTABILITY = YES;
				ENABLE_USER_SCRIPT_SANDBOXING = YES;
				GCC_C_LANGUAGE_STANDARD = gnu17;
				GCC_DYNAMIC_NO_PIC = NO;
				GCC_NO_COMMON_BLOCKS = YES;
				GCC_OPTIMIZATION_LEVEL = 0;
				GCC_PREPROCESSOR_DEFINITIONS = (
					"DEBUG=1",
					"$(inherited)",
				);
				GCC_WARN_64_TO_32_BIT_CONVERSION = YES;
				GCC_WARN_ABOUT_RETURN_TYPE = YES_ERROR;
				GCC_WARN_UNDECLARED_SELECTOR = YES;
				GCC_WARN_UNINITIALIZED_AUTOS = YES_AGGRESSIVE;
				GCC_WARN_UNUSED_FUNCTION = YES;
				GCC_WARN_UNUSED_VARIABLE = YES;
				IPHONEOS_DEPLOYMENT_TARGET = 17.0;
				LOCALIZATION_PREFERS_STRING_CATALOGS = YES;
				MTL_ENABLE_DEBUG_INFO = INCLUDE_SOURCE;
				MTL_FAST_MATH = YES;
				ONLY_ACTIVE_ARCH = YES;
				SDKROOT = iphoneos;
				SWIFT_ACTIVE_COMPILATION_CONDITIONS = "DEBUG $(inherited)";
				SWIFT_OPTIMIZATION_LEVEL = "-Onone";
			};
			name = Debug;
		};
		4DBBE4052BCE37D30043E368 /* Release */ = {
			isa = XCBuildConfiguration;
			buildSettings = {
				ALWAYS_SEARCH_USER_PATHS = NO;
				ASSETCATALOG_COMPILER_GENERATE_SWIFT_ASSET_SYMBOL_EXTENSIONS = YES;
				CLANG_ANALYZER_NONNULL = YES;
				CLANG_ANALYZER_NUMBER_OBJECT_CONVERSION = YES_AGGRESSIVE;
				CLANG_CXX_LANGUAGE_STANDARD = "gnu++20";
				CLANG_ENABLE_MODULES = YES;
				CLANG_ENABLE_OBJC_ARC = YES;
				CLANG_ENABLE_OBJC_WEAK = YES;
				CLANG_WARN_BLOCK_CAPTURE_AUTORELEASING = YES;
				CLANG_WARN_BOOL_CONVERSION = YES;
				CLANG_WARN_COMMA = YES;
				CLANG_WARN_CONSTANT_CONVERSION = YES;
				CLANG_WARN_DEPRECATED_OBJC_IMPLEMENTATIONS = YES;
				CLANG_WARN_DIRECT_OBJC_ISA_USAGE = YES_ERROR;
				CLANG_WARN_DOCUMENTATION_COMMENTS = YES;
				CLANG_WARN_EMPTY_BODY = YES;
				CLANG_WARN_ENUM_CONVERSION = YES;
				CLANG_WARN_INFINITE_RECURSION = YES;
				CLANG_WARN_INT_CONVERSION = YES;
				CLANG_WARN_NON_LITERAL_NULL_CONVERSION = YES;
				CLANG_WARN_OBJC_IMPLICIT_RETAIN_SELF = YES;
				CLANG_WARN_OBJC_LITERAL_CONVERSION = YES;
				CLANG_WARN_OBJC_ROOT_CLASS = YES_ERROR;
				CLANG_WARN_QUOTED_INCLUDE_IN_FRAMEWORK_HEADER = YES;
				CLANG_WARN_RANGE_LOOP_ANALYSIS = YES;
				CLANG_WARN_STRICT_PROTOTYPES = YES;
				CLANG_WARN_SUSPICIOUS_MOVE = YES;
				CLANG_WARN_UNGUARDED_AVAILABILITY = YES_AGGRESSIVE;
				CLANG_WARN_UNREACHABLE_CODE = YES;
				CLANG_WARN__DUPLICATE_METHOD_MATCH = YES;
				COPY_PHASE_STRIP = NO;
				DEBUG_INFORMATION_FORMAT = "dwarf-with-dsym";
				ENABLE_NS_ASSERTIONS = NO;
				ENABLE_STRICT_OBJC_MSGSEND = YES;
				ENABLE_USER_SCRIPT_SANDBOXING = YES;
				GCC_C_LANGUAGE_STANDARD = gnu17;
				GCC_NO_COMMON_BLOCKS = YES;
				GCC_WARN_64_TO_32_BIT_CONVERSION = YES;
				GCC_WARN_ABOUT_RETURN_TYPE = YES_ERROR;
				GCC_WARN_UNDECLARED_SELECTOR = YES;
				GCC_WARN_UNINITIALIZED_AUTOS = YES_AGGRESSIVE;
				GCC_WARN_UNUSED_FUNCTION = YES;
				GCC_WARN_UNUSED_VARIABLE = YES;
				IPHONEOS_DEPLOYMENT_TARGET = 17.0;
				LOCALIZATION_PREFERS_STRING_CATALOGS = YES;
				MTL_ENABLE_DEBUG_INFO = NO;
				MTL_FAST_MATH = YES;
				SDKROOT = iphoneos;
				SWIFT_COMPILATION_MODE = wholemodule;
				VALIDATE_PRODUCT = YES;
			};
			name = Release;
		};
		4DBBE4072BCE37D30043E368 /* Debug */ = {
			isa = XCBuildConfiguration;
			buildSettings = {
				ASSETCATALOG_COMPILER_APPICON_NAME = AppIcon;
				ASSETCATALOG_COMPILER_GLOBAL_ACCENT_COLOR_NAME = AccentColor;
				CODE_SIGN_STYLE = Automatic;
				CURRENT_PROJECT_VERSION = 1;
				DEVELOPMENT_ASSET_PATHS = "\"ViewAndModifiers/Preview Content\"";
				ENABLE_PREVIEWS = YES;
				GENERATE_INFOPLIST_FILE = YES;
				INFOPLIST_KEY_UIApplicationSceneManifest_Generation = YES;
				INFOPLIST_KEY_UIApplicationSupportsIndirectInputEvents = YES;
				INFOPLIST_KEY_UILaunchScreen_Generation = YES;
				INFOPLIST_KEY_UISupportedInterfaceOrientations_iPad = "UIInterfaceOrientationPortrait UIInterfaceOrientationPortraitUpsideDown UIInterfaceOrientationLandscapeLeft UIInterfaceOrientationLandscapeRight";
				INFOPLIST_KEY_UISupportedInterfaceOrientations_iPhone = "UIInterfaceOrientationPortrait UIInterfaceOrientationLandscapeLeft UIInterfaceOrientationLandscapeRight";
				LD_RUNPATH_SEARCH_PATHS = (
					"$(inherited)",
					"@executable_path/Frameworks",
				);
				MARKETING_VERSION = 1.0;
				PRODUCT_BUNDLE_IDENTIFIER = com.ViewAndModifiers;
				PRODUCT_NAME = "$(TARGET_NAME)";
				SWIFT_EMIT_LOC_STRINGS = YES;
				SWIFT_VERSION = 5.0;
				TARGETED_DEVICE_FAMILY = "1,2";
			};
			name = Debug;
		};
		4DBBE4082BCE37D30043E368 /* Release */ = {
			isa = XCBuildConfiguration;
			buildSettings = {
				ASSETCATALOG_COMPILER_APPICON_NAME = AppIcon;
				ASSETCATALOG_COMPILER_GLOBAL_ACCENT_COLOR_NAME = AccentColor;
				CODE_SIGN_STYLE = Automatic;
				CURRENT_PROJECT_VERSION = 1;
				DEVELOPMENT_ASSET_PATHS = "\"ViewAndModifiers/Preview Content\"";
				ENABLE_PREVIEWS = YES;
				GENERATE_INFOPLIST_FILE = YES;
				INFOPLIST_KEY_UIApplicationSceneManifest_Generation = YES;
				INFOPLIST_KEY_UIApplicationSupportsIndirectInputEvents = YES;
				INFOPLIST_KEY_UILaunchScreen_Generation = YES;
				INFOPLIST_KEY_UISupportedInterfaceOrientations_iPad = "UIInterfaceOrientationPortrait UIInterfaceOrientationPortraitUpsideDown UIInterfaceOrientationLandscapeLeft UIInterfaceOrientationLandscapeRight";
				INFOPLIST_KEY_UISupportedInterfaceOrientations_iPhone = "UIInterfaceOrientationPortrait UIInterfaceOrientationLandscapeLeft UIInterfaceOrientationLandscapeRight";
				LD_RUNPATH_SEARCH_PATHS = (
					"$(inherited)",
					"@executable_path/Frameworks",
				);
				MARKETING_VERSION = 1.0;
				PRODUCT_BUNDLE_IDENTIFIER = com.ViewAndModifiers;
				PRODUCT_NAME = "$(TARGET_NAME)";
				SWIFT_EMIT_LOC_STRINGS = YES;
				SWIFT_VERSION = 5.0;
				TARGETED_DEVICE_FAMILY = "1,2";
			};
			name = Release;
		};
/* End XCBuildConfiguration section */

/* Begin XCConfigurationList section */
		4DBBE3F32BCE37CF0043E368 /* Build configuration list for PBXProject "ViewAndModifiers" */ = {
			isa = XCConfigurationList;
			buildConfigurations = (
				4DBBE4042BCE37D30043E368 /* Debug */,
				4DBBE4052BCE37D30043E368 /* Release */,
			);
			defaultConfigurationIsVisible = 0;
			defaultConfigurationName = Release;
		};
		4DBBE4062BCE37D30043E368 /* Build configuration list for PBXNativeTarget "ViewAndModifiers" */ = {
			isa = XCConfigurationList;
			buildConfigurations = (
				4DBBE4072BCE37D30043E368 /* Debug */,
				4DBBE4082BCE37D30043E368 /* Release */,
			);
			defaultConfigurationIsVisible = 0;
			defaultConfigurationName = Release;
		};
/* End XCConfigurationList section */
	};
	rootObject = 4DBBE3F02BCE37CF0043E368 /* Project object */;
}
